
Microsoft Visual Studio Solution File, Format Version 12.00
# Visual Studio 15
VisualStudioVersion = 15.0.26403.7
MinimumVisualStudioVersion = 10.0.40219.1
Project("{FAE04EC0-301F-11D3-BF4B-00C04F79EFBC}") = "DroneLander.Android", "DroneLander\DroneLander.Android\DroneLander.Android.csproj", "{9C3B587B-30DC-45D1-ADCD-0B7200B5F814}"
EndProject
Project("{FAE04EC0-301F-11D3-BF4B-00C04F79EFBC}") = "DroneLander", "DroneLander\DroneLander\DroneLander.csproj", "{DF802118-8D02-42FD-BA34-12946266D97C}"
EndProject
Project("{FAE04EC0-301F-11D3-BF4B-00C04F79EFBC}") = "DroneLander.UWP", "DroneLander\DroneLander.UWP\DroneLander.UWP.csproj", "{D774610D-02E5-4E5F-9AB0-0A24815945B9}"
EndProject
Project("{FAE04EC0-301F-11D3-BF4B-00C04F79EFBC}") = "DroneLander.iOS", "DroneLander\DroneLander.iOS\DroneLander.iOS.csproj", "{428D86EC-6BA6-4827-9ECF-72F0DDF32558}"
EndProject
Global
	GlobalSection(SolutionConfigurationPlatforms) = preSolution
		Ad-Hoc|Any CPU = Ad-Hoc|Any CPU
		Ad-Hoc|ARM = Ad-Hoc|ARM
		Ad-Hoc|iPhone = Ad-Hoc|iPhone
		Ad-Hoc|iPhoneSimulator = Ad-Hoc|iPhoneSimulator
		Ad-Hoc|x64 = Ad-Hoc|x64
		Ad-Hoc|x86 = Ad-Hoc|x86
		AppStore|Any CPU = AppStore|Any CPU
		AppStore|ARM = AppStore|ARM
		AppStore|iPhone = AppStore|iPhone
		AppStore|iPhoneSimulator = AppStore|iPhoneSimulator
		AppStore|x64 = AppStore|x64
		AppStore|x86 = AppStore|x86
		Debug|Any CPU = Debug|Any CPU
		Debug|ARM = Debug|ARM
		Debug|iPhone = Debug|iPhone
		Debug|iPhoneSimulator = Debug|iPhoneSimulator
		Debug|x64 = Debug|x64
		Debug|x86 = Debug|x86
		Release|Any CPU = Release|Any CPU
		Release|ARM = Release|ARM
		Release|iPhone = Release|iPhone
		Release|iPhoneSimulator = Release|iPhoneSimulator
		Release|x64 = Release|x64
		Release|x86 = Release|x86
	EndGlobalSection
	GlobalSection(ProjectConfigurationPlatforms) = postSolution
		{9C3B587B-30DC-45D1-ADCD-0B7200B5F814}.Ad-Hoc|Any CPU.ActiveCfg = Release|Any CPU
		{9C3B587B-30DC-45D1-ADCD-0B7200B5F814}.Ad-Hoc|Any CPU.Build.0 = Release|Any CPU
		{9C3B587B-30DC-45D1-ADCD-0B7200B5F814}.Ad-Hoc|Any CPU.Deploy.0 = Release|Any CPU
		{9C3B587B-30DC-45D1-ADCD-0B7200B5F814}.Ad-Hoc|ARM.ActiveCfg = Release|Any CPU
		{9C3B587B-30DC-45D1-ADCD-0B7200B5F814}.Ad-Hoc|ARM.Build.0 = Release|Any CPU
		{9C3B587B-30DC-45D1-ADCD-0B7200B5F814}.Ad-Hoc|ARM.Deploy.0 = Release|Any CPU
		{9C3B587B-30DC-45D1-ADCD-0B7200B5F814}.Ad-Hoc|iPhone.ActiveCfg = Release|Any CPU
		{9C3B587B-30DC-45D1-ADCD-0B7200B5F814}.Ad-Hoc|iPhone.Build.0 = Release|Any CPU
		{9C3B587B-30DC-45D1-ADCD-0B7200B5F814}.Ad-Hoc|iPhone.Deploy.0 = Release|Any CPU
		{9C3B587B-30DC-45D1-ADCD-0B7200B5F814}.Ad-Hoc|iPhoneSimulator.ActiveCfg = Release|Any CPU
		{9C3B587B-30DC-45D1-ADCD-0B7200B5F814}.Ad-Hoc|iPhoneSimulator.Build.0 = Release|Any CPU
		{9C3B587B-30DC-45D1-ADCD-0B7200B5F814}.Ad-Hoc|iPhoneSimulator.Deploy.0 = Release|Any CPU
		{9C3B587B-30DC-45D1-ADCD-0B7200B5F814}.Ad-Hoc|x64.ActiveCfg = Release|Any CPU
		{9C3B587B-30DC-45D1-ADCD-0B7200B5F814}.Ad-Hoc|x64.Build.0 = Release|Any CPU
		{9C3B587B-30DC-45D1-ADCD-0B7200B5F814}.Ad-Hoc|x64.Deploy.0 = Release|Any CPU
		{9C3B587B-30DC-45D1-ADCD-0B7200B5F814}.Ad-Hoc|x86.ActiveCfg = Release|Any CPU
		{9C3B587B-30DC-45D1-ADCD-0B7200B5F814}.Ad-Hoc|x86.Build.0 = Release|Any CPU
		{9C3B587B-30DC-45D1-ADCD-0B7200B5F814}.Ad-Hoc|x86.Deploy.0 = Release|Any CPU
		{9C3B587B-30DC-45D1-ADCD-0B7200B5F814}.AppStore|Any CPU.ActiveCfg = Release|Any CPU
		{9C3B587B-30DC-45D1-ADCD-0B7200B5F814}.AppStore|Any CPU.Build.0 = Release|Any CPU
		{9C3B587B-30DC-45D1-ADCD-0B7200B5F814}.AppStore|Any CPU.Deploy.0 = Release|Any CPU
		{9C3B587B-30DC-45D1-ADCD-0B7200B5F814}.AppStore|ARM.ActiveCfg = Release|Any CPU
		{9C3B587B-30DC-45D1-ADCD-0B7200B5F814}.AppStore|ARM.Build.0 = Release|Any CPU
		{9C3B587B-30DC-45D1-ADCD-0B7200B5F814}.AppStore|ARM.Deploy.0 = Release|Any CPU
		{9C3B587B-30DC-45D1-ADCD-0B7200B5F814}.AppStore|iPhone.ActiveCfg = Release|Any CPU
		{9C3B587B-30DC-45D1-ADCD-0B7200B5F814}.AppStore|iPhone.Build.0 = Release|Any CPU
		{9C3B587B-30DC-45D1-ADCD-0B7200B5F814}.AppStore|iPhone.Deploy.0 = Release|Any CPU
		{9C3B587B-30DC-45D1-ADCD-0B7200B5F814}.AppStore|iPhoneSimulator.ActiveCfg = Release|Any CPU
		{9C3B587B-30DC-45D1-ADCD-0B7200B5F814}.AppStore|iPhoneSimulator.Build.0 = Release|Any CPU
		{9C3B587B-30DC-45D1-ADCD-0B7200B5F814}.AppStore|iPhoneSimulator.Deploy.0 = Release|Any CPU
		{9C3B587B-30DC-45D1-ADCD-0B7200B5F814}.AppStore|x64.ActiveCfg = Release|Any CPU
		{9C3B587B-30DC-45D1-ADCD-0B7200B5F814}.AppStore|x64.Build.0 = Release|Any CPU
		{9C3B587B-30DC-45D1-ADCD-0B7200B5F814}.AppStore|x64.Deploy.0 = Release|Any CPU
		{9C3B587B-30DC-45D1-ADCD-0B7200B5F814}.AppStore|x86.ActiveCfg = Release|Any CPU
		{9C3B587B-30DC-45D1-ADCD-0B7200B5F814}.AppStore|x86.Build.0 = Release|Any CPU
		{9C3B587B-30DC-45D1-ADCD-0B7200B5F814}.AppStore|x86.Deploy.0 = Release|Any CPU
		{9C3B587B-30DC-45D1-ADCD-0B7200B5F814}.Debug|Any CPU.ActiveCfg = Debug|Any CPU
		{9C3B587B-30DC-45D1-ADCD-0B7200B5F814}.Debug|Any CPU.Build.0 = Debug|Any CPU
		{9C3B587B-30DC-45D1-ADCD-0B7200B5F814}.Debug|Any CPU.Deploy.0 = Debug|Any CPU
		{9C3B587B-30DC-45D1-ADCD-0B7200B5F814}.Debug|ARM.ActiveCfg = Debug|Any CPU
		{9C3B587B-30DC-45D1-ADCD-0B7200B5F814}.Debug|ARM.Build.0 = Debug|Any CPU
		{9C3B587B-30DC-45D1-ADCD-0B7200B5F814}.Debug|ARM.Deploy.0 = Debug|Any CPU
		{9C3B587B-30DC-45D1-ADCD-0B7200B5F814}.Debug|iPhone.ActiveCfg = Debug|Any CPU
		{9C3B587B-30DC-45D1-ADCD-0B7200B5F814}.Debug|iPhone.Build.0 = Debug|Any CPU
		{9C3B587B-30DC-45D1-ADCD-0B7200B5F814}.Debug|iPhone.Deploy.0 = Debug|Any CPU
		{9C3B587B-30DC-45D1-ADCD-0B7200B5F814}.Debug|iPhoneSimulator.ActiveCfg = Debug|Any CPU
		{9C3B587B-30DC-45D1-ADCD-0B7200B5F814}.Debug|iPhoneSimulator.Build.0 = Debug|Any CPU
		{9C3B587B-30DC-45D1-ADCD-0B7200B5F814}.Debug|iPhoneSimulator.Deploy.0 = Debug|Any CPU
		{9C3B587B-30DC-45D1-ADCD-0B7200B5F814}.Debug|x64.ActiveCfg = Debug|Any CPU
		{9C3B587B-30DC-45D1-ADCD-0B7200B5F814}.Debug|x64.Build.0 = Debug|Any CPU
		{9C3B587B-30DC-45D1-ADCD-0B7200B5F814}.Debug|x64.Deploy.0 = Debug|Any CPU
		{9C3B587B-30DC-45D1-ADCD-0B7200B5F814}.Debug|x86.ActiveCfg = Debug|Any CPU
		{9C3B587B-30DC-45D1-ADCD-0B7200B5F814}.Debug|x86.Build.0 = Debug|Any CPU
		{9C3B587B-30DC-45D1-ADCD-0B7200B5F814}.Debug|x86.Deploy.0 = Debug|Any CPU
		{9C3B587B-30DC-45D1-ADCD-0B7200B5F814}.Release|Any CPU.ActiveCfg = Release|Any CPU
		{9C3B587B-30DC-45D1-ADCD-0B7200B5F814}.Release|Any CPU.Build.0 = Release|Any CPU
		{9C3B587B-30DC-45D1-ADCD-0B7200B5F814}.Release|Any CPU.Deploy.0 = Release|Any CPU
		{9C3B587B-30DC-45D1-ADCD-0B7200B5F814}.Release|ARM.ActiveCfg = Release|Any CPU
		{9C3B587B-30DC-45D1-ADCD-0B7200B5F814}.Release|ARM.Build.0 = Release|Any CPU
		{9C3B587B-30DC-45D1-ADCD-0B7200B5F814}.Release|ARM.Deploy.0 = Release|Any CPU
		{9C3B587B-30DC-45D1-ADCD-0B7200B5F814}.Release|iPhone.ActiveCfg = Release|Any CPU
		{9C3B587B-30DC-45D1-ADCD-0B7200B5F814}.Release|iPhone.Build.0 = Release|Any CPU
		{9C3B587B-30DC-45D1-ADCD-0B7200B5F814}.Release|iPhone.Deploy.0 = Release|Any CPU
		{9C3B587B-30DC-45D1-ADCD-0B7200B5F814}.Release|iPhoneSimulator.ActiveCfg = Release|Any CPU
		{9C3B587B-30DC-45D1-ADCD-0B7200B5F814}.Release|iPhoneSimulator.Build.0 = Release|Any CPU
		{9C3B587B-30DC-45D1-ADCD-0B7200B5F814}.Release|iPhoneSimulator.Deploy.0 = Release|Any CPU
		{9C3B587B-30DC-45D1-ADCD-0B7200B5F814}.Release|x64.ActiveCfg = Release|Any CPU
		{9C3B587B-30DC-45D1-ADCD-0B7200B5F814}.Release|x64.Build.0 = Release|Any CPU
		{9C3B587B-30DC-45D1-ADCD-0B7200B5F814}.Release|x64.Deploy.0 = Release|Any CPU
		{9C3B587B-30DC-45D1-ADCD-0B7200B5F814}.Release|x86.ActiveCfg = Release|Any CPU
		{9C3B587B-30DC-45D1-ADCD-0B7200B5F814}.Release|x86.Build.0 = Release|Any CPU
		{9C3B587B-30DC-45D1-ADCD-0B7200B5F814}.Release|x86.Deploy.0 = Release|Any CPU
		{DF802118-8D02-42FD-BA34-12946266D97C}.Ad-Hoc|Any CPU.ActiveCfg = Release|Any CPU
		{DF802118-8D02-42FD-BA34-12946266D97C}.Ad-Hoc|Any CPU.Build.0 = Release|Any CPU
		{DF802118-8D02-42FD-BA34-12946266D97C}.Ad-Hoc|ARM.ActiveCfg = Release|Any CPU
		{DF802118-8D02-42FD-BA34-12946266D97C}.Ad-Hoc|ARM.Build.0 = Release|Any CPU
		{DF802118-8D02-42FD-BA34-12946266D97C}.Ad-Hoc|iPhone.ActiveCfg = Release|Any CPU
		{DF802118-8D02-42FD-BA34-12946266D97C}.Ad-Hoc|iPhone.Build.0 = Release|Any CPU
		{DF802118-8D02-42FD-BA34-12946266D97C}.Ad-Hoc|iPhoneSimulator.ActiveCfg = Release|Any CPU
		{DF802118-8D02-42FD-BA34-12946266D97C}.Ad-Hoc|iPhoneSimulator.Build.0 = Release|Any CPU
		{DF802118-8D02-42FD-BA34-12946266D97C}.Ad-Hoc|x64.ActiveCfg = Release|Any CPU
		{DF802118-8D02-42FD-BA34-12946266D97C}.Ad-Hoc|x64.Build.0 = Release|Any CPU
		{DF802118-8D02-42FD-BA34-12946266D97C}.Ad-Hoc|x86.ActiveCfg = Release|Any CPU
		{DF802118-8D02-42FD-BA34-12946266D97C}.Ad-Hoc|x86.Build.0 = Release|Any CPU
		{DF802118-8D02-42FD-BA34-12946266D97C}.AppStore|Any CPU.ActiveCfg = Release|Any CPU
		{DF802118-8D02-42FD-BA34-12946266D97C}.AppStore|Any CPU.Build.0 = Release|Any CPU
		{DF802118-8D02-42FD-BA34-12946266D97C}.AppStore|ARM.ActiveCfg = Release|Any CPU
		{DF802118-8D02-42FD-BA34-12946266D97C}.AppStore|ARM.Build.0 = Release|Any CPU
		{DF802118-8D02-42FD-BA34-12946266D97C}.AppStore|iPhone.ActiveCfg = Release|Any CPU
		{DF802118-8D02-42FD-BA34-12946266D97C}.AppStore|iPhone.Build.0 = Release|Any CPU
		{DF802118-8D02-42FD-BA34-12946266D97C}.AppStore|iPhoneSimulator.ActiveCfg = Release|Any CPU
		{DF802118-8D02-42FD-BA34-12946266D97C}.AppStore|iPhoneSimulator.Build.0 = Release|Any CPU
		{DF802118-8D02-42FD-BA34-12946266D97C}.AppStore|x64.ActiveCfg = Release|Any CPU
		{DF802118-8D02-42FD-BA34-12946266D97C}.AppStore|x64.Build.0 = Release|Any CPU
		{DF802118-8D02-42FD-BA34-12946266D97C}.AppStore|x86.ActiveCfg = Release|Any CPU
		{DF802118-8D02-42FD-BA34-12946266D97C}.AppStore|x86.Build.0 = Release|Any CPU
		{DF802118-8D02-42FD-BA34-12946266D97C}.Debug|Any CPU.ActiveCfg = Debug|Any CPU
		{DF802118-8D02-42FD-BA34-12946266D97C}.Debug|Any CPU.Build.0 = Debug|Any CPU
		{DF802118-8D02-42FD-BA34-12946266D97C}.Debug|ARM.ActiveCfg = Debug|Any CPU
		{DF802118-8D02-42FD-BA34-12946266D97C}.Debug|ARM.Build.0 = Debug|Any CPU
		{DF802118-8D02-42FD-BA34-12946266D97C}.Debug|iPhone.ActiveCfg = Debug|Any CPU
		{DF802118-8D02-42FD-BA34-12946266D97C}.Debug|iPhone.Build.0 = Debug|Any CPU
		{DF802118-8D02-42FD-BA34-12946266D97C}.Debug|iPhoneSimulator.ActiveCfg = Debug|Any CPU
		{DF802118-8D02-42FD-BA34-12946266D97C}.Debug|iPhoneSimulator.Build.0 = Debug|Any CPU
		{DF802118-8D02-42FD-BA34-12946266D97C}.Debug|x64.ActiveCfg = Debug|Any CPU
		{DF802118-8D02-42FD-BA34-12946266D97C}.Debug|x64.Build.0 = Debug|Any CPU
		{DF802118-8D02-42FD-BA34-12946266D97C}.Debug|x86.ActiveCfg = Debug|Any CPU
		{DF802118-8D02-42FD-BA34-12946266D97C}.Debug|x86.Build.0 = Debug|Any CPU
		{DF802118-8D02-42FD-BA34-12946266D97C}.Release|Any CPU.ActiveCfg = Release|Any CPU
		{DF802118-8D02-42FD-BA34-12946266D97C}.Release|Any CPU.Build.0 = Release|Any CPU
		{DF802118-8D02-42FD-BA34-12946266D97C}.Release|ARM.ActiveCfg = Release|Any CPU
		{DF802118-8D02-42FD-BA34-12946266D97C}.Release|ARM.Build.0 = Release|Any CPU
		{DF802118-8D02-42FD-BA34-12946266D97C}.Release|iPhone.ActiveCfg = Release|Any CPU
		{DF802118-8D02-42FD-BA34-12946266D97C}.Release|iPhone.Build.0 = Release|Any CPU
		{DF802118-8D02-42FD-BA34-12946266D97C}.Release|iPhoneSimulator.ActiveCfg = Release|Any CPU
		{DF802118-8D02-42FD-BA34-12946266D97C}.Release|iPhoneSimulator.Build.0 = Release|Any CPU
		{DF802118-8D02-42FD-BA34-12946266D97C}.Release|x64.ActiveCfg = Release|Any CPU
		{DF802118-8D02-42FD-BA34-12946266D97C}.Release|x64.Build.0 = Release|Any CPU
		{DF802118-8D02-42FD-BA34-12946266D97C}.Release|x86.ActiveCfg = Release|Any CPU
		{DF802118-8D02-42FD-BA34-12946266D97C}.Release|x86.Build.0 = Release|Any CPU
		{D774610D-02E5-4E5F-9AB0-0A24815945B9}.Ad-Hoc|Any CPU.ActiveCfg = Release|x86
		{D774610D-02E5-4E5F-9AB0-0A24815945B9}.Ad-Hoc|Any CPU.Build.0 = Release|x86
		{D774610D-02E5-4E5F-9AB0-0A24815945B9}.Ad-Hoc|Any CPU.Deploy.0 = Release|x86
		{D774610D-02E5-4E5F-9AB0-0A24815945B9}.Ad-Hoc|ARM.ActiveCfg = Release|ARM
		{D774610D-02E5-4E5F-9AB0-0A24815945B9}.Ad-Hoc|ARM.Build.0 = Release|ARM
		{D774610D-02E5-4E5F-9AB0-0A24815945B9}.Ad-Hoc|ARM.Deploy.0 = Release|ARM
		{D774610D-02E5-4E5F-9AB0-0A24815945B9}.Ad-Hoc|iPhone.ActiveCfg = Release|x86
		{D774610D-02E5-4E5F-9AB0-0A24815945B9}.Ad-Hoc|iPhone.Build.0 = Release|x86
		{D774610D-02E5-4E5F-9AB0-0A24815945B9}.Ad-Hoc|iPhone.Deploy.0 = Release|x86
		{D774610D-02E5-4E5F-9AB0-0A24815945B9}.Ad-Hoc|iPhoneSimulator.ActiveCfg = Release|x86
		{D774610D-02E5-4E5F-9AB0-0A24815945B9}.Ad-Hoc|iPhoneSimulator.Build.0 = Release|x86
		{D774610D-02E5-4E5F-9AB0-0A24815945B9}.Ad-Hoc|iPhoneSimulator.Deploy.0 = Release|x86
		{D774610D-02E5-4E5F-9AB0-0A24815945B9}.Ad-Hoc|x64.ActiveCfg = Release|x64
		{D774610D-02E5-4E5F-9AB0-0A24815945B9}.Ad-Hoc|x64.Build.0 = Release|x64
		{D774610D-02E5-4E5F-9AB0-0A24815945B9}.Ad-Hoc|x64.Deploy.0 = Release|x64
		{D774610D-02E5-4E5F-9AB0-0A24815945B9}.Ad-Hoc|x86.ActiveCfg = Release|x86
		{D774610D-02E5-4E5F-9AB0-0A24815945B9}.Ad-Hoc|x86.Build.0 = Release|x86
		{D774610D-02E5-4E5F-9AB0-0A24815945B9}.Ad-Hoc|x86.Deploy.0 = Release|x86
		{D774610D-02E5-4E5F-9AB0-0A24815945B9}.AppStore|Any CPU.ActiveCfg = Release|x86
		{D774610D-02E5-4E5F-9AB0-0A24815945B9}.AppStore|Any CPU.Build.0 = Release|x86
		{D774610D-02E5-4E5F-9AB0-0A24815945B9}.AppStore|Any CPU.Deploy.0 = Release|x86
		{D774610D-02E5-4E5F-9AB0-0A24815945B9}.AppStore|ARM.ActiveCfg = Release|ARM
		{D774610D-02E5-4E5F-9AB0-0A24815945B9}.AppStore|ARM.Build.0 = Release|ARM
		{D774610D-02E5-4E5F-9AB0-0A24815945B9}.AppStore|ARM.Deploy.0 = Release|ARM
		{D774610D-02E5-4E5F-9AB0-0A24815945B9}.AppStore|iPhone.ActiveCfg = Release|x86
		{D774610D-02E5-4E5F-9AB0-0A24815945B9}.AppStore|iPhone.Build.0 = Release|x86
		{D774610D-02E5-4E5F-9AB0-0A24815945B9}.AppStore|iPhone.Deploy.0 = Release|x86
		{D774610D-02E5-4E5F-9AB0-0A24815945B9}.AppStore|iPhoneSimulator.ActiveCfg = Release|x86
		{D774610D-02E5-4E5F-9AB0-0A24815945B9}.AppStore|iPhoneSimulator.Build.0 = Release|x86
		{D774610D-02E5-4E5F-9AB0-0A24815945B9}.AppStore|iPhoneSimulator.Deploy.0 = Release|x86
		{D774610D-02E5-4E5F-9AB0-0A24815945B9}.AppStore|x64.ActiveCfg = Release|x64
		{D774610D-02E5-4E5F-9AB0-0A24815945B9}.AppStore|x64.Build.0 = Release|x64
		{D774610D-02E5-4E5F-9AB0-0A24815945B9}.AppStore|x64.Deploy.0 = Release|x64
		{D774610D-02E5-4E5F-9AB0-0A24815945B9}.AppStore|x86.ActiveCfg = Release|x86
		{D774610D-02E5-4E5F-9AB0-0A24815945B9}.AppStore|x86.Build.0 = Release|x86
		{D774610D-02E5-4E5F-9AB0-0A24815945B9}.AppStore|x86.Deploy.0 = Release|x86
		{D774610D-02E5-4E5F-9AB0-0A24815945B9}.Debug|Any CPU.ActiveCfg = Debug|x86
		{D774610D-02E5-4E5F-9AB0-0A24815945B9}.Debug|Any CPU.Build.0 = Debug|x86
		{D774610D-02E5-4E5F-9AB0-0A24815945B9}.Debug|Any CPU.Deploy.0 = Debug|x86
		{D774610D-02E5-4E5F-9AB0-0A24815945B9}.Debug|ARM.ActiveCfg = Debug|ARM
		{D774610D-02E5-4E5F-9AB0-0A24815945B9}.Debug|ARM.Build.0 = Debug|ARM
		{D774610D-02E5-4E5F-9AB0-0A24815945B9}.Debug|ARM.Deploy.0 = Debug|ARM
		{D774610D-02E5-4E5F-9AB0-0A24815945B9}.Debug|iPhone.ActiveCfg = Debug|x86
		{D774610D-02E5-4E5F-9AB0-0A24815945B9}.Debug|iPhoneSimulator.ActiveCfg = Debug|x86
		{D774610D-02E5-4E5F-9AB0-0A24815945B9}.Debug|x64.ActiveCfg = Debug|x64
		{D774610D-02E5-4E5F-9AB0-0A24815945B9}.Debug|x64.Build.0 = Debug|x64
		{D774610D-02E5-4E5F-9AB0-0A24815945B9}.Debug|x64.Deploy.0 = Debug|x64
		{D774610D-02E5-4E5F-9AB0-0A24815945B9}.Debug|x86.ActiveCfg = Debug|x86
		{D774610D-02E5-4E5F-9AB0-0A24815945B9}.Debug|x86.Build.0 = Debug|x86
		{D774610D-02E5-4E5F-9AB0-0A24815945B9}.Debug|x86.Deploy.0 = Debug|x86
		{D774610D-02E5-4E5F-9AB0-0A24815945B9}.Release|Any CPU.ActiveCfg = Release|x86
		{D774610D-02E5-4E5F-9AB0-0A24815945B9}.Release|Any CPU.Build.0 = Release|x86
		{D774610D-02E5-4E5F-9AB0-0A24815945B9}.Release|Any CPU.Deploy.0 = Release|x86
		{D774610D-02E5-4E5F-9AB0-0A24815945B9}.Release|ARM.ActiveCfg = Release|ARM
		{D774610D-02E5-4E5F-9AB0-0A24815945B9}.Release|ARM.Build.0 = Release|ARM
		{D774610D-02E5-4E5F-9AB0-0A24815945B9}.Release|ARM.Deploy.0 = Release|ARM
		{D774610D-02E5-4E5F-9AB0-0A24815945B9}.Release|iPhone.ActiveCfg = Release|x86
		{D774610D-02E5-4E5F-9AB0-0A24815945B9}.Release|iPhoneSimulator.ActiveCfg = Release|x86
		{D774610D-02E5-4E5F-9AB0-0A24815945B9}.Release|x64.ActiveCfg = Release|x64
		{D774610D-02E5-4E5F-9AB0-0A24815945B9}.Release|x64.Build.0 = Release|x64
		{D774610D-02E5-4E5F-9AB0-0A24815945B9}.Release|x64.Deploy.0 = Release|x64
		{D774610D-02E5-4E5F-9AB0-0A24815945B9}.Release|x86.ActiveCfg = Release|x86
		{D774610D-02E5-4E5F-9AB0-0A24815945B9}.Release|x86.Build.0 = Release|x86
		{D774610D-02E5-4E5F-9AB0-0A24815945B9}.Release|x86.Deploy.0 = Release|x86
		{428D86EC-6BA6-4827-9ECF-72F0DDF32558}.Ad-Hoc|Any CPU.ActiveCfg = Ad-Hoc|iPhone
		{428D86EC-6BA6-4827-9ECF-72F0DDF32558}.Ad-Hoc|ARM.ActiveCfg = Ad-Hoc|iPhone
		{428D86EC-6BA6-4827-9ECF-72F0DDF32558}.Ad-Hoc|iPhone.ActiveCfg = Ad-Hoc|iPhone
		{428D86EC-6BA6-4827-9ECF-72F0DDF32558}.Ad-Hoc|iPhone.Build.0 = Ad-Hoc|iPhone
		{428D86EC-6BA6-4827-9ECF-72F0DDF32558}.Ad-Hoc|iPhoneSimulator.ActiveCfg = Ad-Hoc|iPhoneSimulator
		{428D86EC-6BA6-4827-9ECF-72F0DDF32558}.Ad-Hoc|iPhoneSimulator.Build.0 = Ad-Hoc|iPhoneSimulator
		{428D86EC-6BA6-4827-9ECF-72F0DDF32558}.Ad-Hoc|x64.ActiveCfg = Ad-Hoc|iPhone
		{428D86EC-6BA6-4827-9ECF-72F0DDF32558}.Ad-Hoc|x86.ActiveCfg = Ad-Hoc|iPhone
		{428D86EC-6BA6-4827-9ECF-72F0DDF32558}.AppStore|Any CPU.ActiveCfg = AppStore|iPhone
		{428D86EC-6BA6-4827-9ECF-72F0DDF32558}.AppStore|ARM.ActiveCfg = AppStore|iPhone
		{428D86EC-6BA6-4827-9ECF-72F0DDF32558}.AppStore|iPhone.ActiveCfg = AppStore|iPhone
		{428D86EC-6BA6-4827-9ECF-72F0DDF32558}.AppStore|iPhone.Build.0 = AppStore|iPhone
		{428D86EC-6BA6-4827-9ECF-72F0DDF32558}.AppStore|iPhoneSimulator.ActiveCfg = AppStore|iPhoneSimulator
		{428D86EC-6BA6-4827-9ECF-72F0DDF32558}.AppStore|iPhoneSimulator.Build.0 = AppStore|iPhoneSimulator
		{428D86EC-6BA6-4827-9ECF-72F0DDF32558}.AppStore|x64.ActiveCfg = AppStore|iPhone
		{428D86EC-6BA6-4827-9ECF-72F0DDF32558}.AppStore|x86.ActiveCfg = AppStore|iPhone
		{428D86EC-6BA6-4827-9ECF-72F0DDF32558}.Debug|Any CPU.ActiveCfg = Debug|iPhone
		{428D86EC-6BA6-4827-9ECF-72F0DDF32558}.Debug|ARM.ActiveCfg = Debug|iPhone
		{428D86EC-6BA6-4827-9ECF-72F0DDF32558}.Debug|iPhone.ActiveCfg = Debug|iPhone
		{428D86EC-6BA6-4827-9ECF-72F0DDF32558}.Debug|iPhone.Build.0 = Debug|iPhone
		{428D86EC-6BA6-4827-9ECF-72F0DDF32558}.Debug|iPhoneSimulator.ActiveCfg = Debug|iPhoneSimulator
		{428D86EC-6BA6-4827-9ECF-72F0DDF32558}.Debug|iPhoneSimulator.Build.0 = Debug|iPhoneSimulator
		{428D86EC-6BA6-4827-9ECF-72F0DDF32558}.Debug|x64.ActiveCfg = Debug|iPhone
		{428D86EC-6BA6-4827-9ECF-72F0DDF32558}.Debug|x86.ActiveCfg = Debug|iPhone
		{428D86EC-6BA6-4827-9ECF-72F0DDF32558}.Release|Any CPU.ActiveCfg = Release|iPhone
		{428D86EC-6BA6-4827-9ECF-72F0DDF32558}.Release|ARM.ActiveCfg = Release|iPhone
		{428D86EC-6BA6-4827-9ECF-72F0DDF32558}.Release|iPhone.ActiveCfg = Release|iPhone
		{428D86EC-6BA6-4827-9ECF-72F0DDF32558}.Release|iPhone.Build.0 = Release|iPhone
		{428D86EC-6BA6-4827-9ECF-72F0DDF32558}.Release|iPhoneSimulator.ActiveCfg = Release|iPhoneSimulator
		{428D86EC-6BA6-4827-9ECF-72F0DDF32558}.Release|iPhoneSimulator.Build.0 = Release|iPhoneSimulator
		{428D86EC-6BA6-4827-9ECF-72F0DDF32558}.Release|x64.ActiveCfg = Release|iPhone
		{428D86EC-6BA6-4827-9ECF-72F0DDF32558}.Release|x86.ActiveCfg = Release|iPhone
	EndGlobalSection
	GlobalSection(SolutionProperties) = preSolution
		HideSolutionNode = FALSE
	EndGlobalSection
EndGlobal
